
Microsoft Visual Studio Solution File, Format Version 12.00
# Visual Studio 15
VisualStudioVersion = 15.0.27004.2009
MinimumVisualStudioVersion = 10.0.40219.1
Project("{FAE04EC0-301F-11D3-BF4B-00C04F79EFBC}") = "SeleniumDemoFramework", "SeleniumDemoFramework\SeleniumDemoFramework.csproj", "{18B6F9EC-C4D7-4272-BEE0-05B031C4651C}"
EndProject
Project("{FAE04EC0-301F-11D3-BF4B-00C04F79EFBC}") = "SeleniumDemoTests", "SeleniumDemoTests\SeleniumDemoTests.csproj", "{55430FE0-8440-4C20-A442-CE62BB207C32}"
EndProject
Global
	GlobalSection(SolutionConfigurationPlatforms) = preSolution
		Debug|Any CPU = Debug|Any CPU
		Release|Any CPU = Release|Any CPU
	EndGlobalSection
	GlobalSection(ProjectConfigurationPlatforms) = postSolution
		{18B6F9EC-C4D7-4272-BEE0-05B031C4651C}.Debug|Any CPU.ActiveCfg = Debug|Any CPU
		{18B6F9EC-C4D7-4272-BEE0-05B031C4651C}.Debug|Any CPU.Build.0 = Debug|Any CPU
		{18B6F9EC-C4D7-4272-BEE0-05B031C4651C}.Release|Any CPU.ActiveCfg = Release|Any CPU
		{18B6F9EC-C4D7-4272-BEE0-05B031C4651C}.Release|Any CPU.Build.0 = Release|Any CPU
		{55430FE0-8440-4C20-A442-CE62BB207C32}.Debug|Any CPU.ActiveCfg = Debug|Any CPU
		{55430FE0-8440-4C20-A442-CE62BB207C32}.Debug|Any CPU.Build.0 = Debug|Any CPU
		{55430FE0-8440-4C20-A442-CE62BB207C32}.Release|Any CPU.ActiveCfg = Release|Any CPU
		{55430FE0-8440-4C20-A442-CE62BB207C32}.Release|Any CPU.Build.0 = Release|Any CPU
	EndGlobalSection
	GlobalSection(SolutionProperties) = preSolution
		HideSolutionNode = FALSE
	EndGlobalSection
	GlobalSection(ExtensibilityGlobals) = postSolution
		SolutionGuid = {801E5CBB-0B85-4108-B96F-3BD484956A6A}
	EndGlobalSection
EndGlobal
